// !$*UTF8*$!
{
	archiveVersion = 1;
	classes = {
	};
	objectVersion = 50;
	objects = {

/* Begin PBXBuildFile section */
		CEF3226825823C9E003F08B9 /* AppDelegate.swift in Sources */ = {isa = PBXBuildFile; fileRef = CEF3226725823C9E003F08B9 /* AppDelegate.swift */; };
		CEF3226C25823C9E003F08B9 /* ViewController.swift in Sources */ = {isa = PBXBuildFile; fileRef = CEF3226B25823C9E003F08B9 /* ViewController.swift */; };
		CEF3226F25823C9E003F08B9 /* Main.storyboard in Resources */ = {isa = PBXBuildFile; fileRef = CEF3226D25823C9E003F08B9 /* Main.storyboard */; };
		CEF3227125823CA0003F08B9 /* Assets.xcassets in Resources */ = {isa = PBXBuildFile; fileRef = CEF3227025823CA0003F08B9 /* Assets.xcassets */; };
		CEF3227425823CA0003F08B9 /* LaunchScreen.storyboard in Resources */ = {isa = PBXBuildFile; fileRef = CEF3227225823CA0003F08B9 /* LaunchScreen.storyboard */; };
		CEF3227F2582D6DB003F08B9 /* Storyboarded.swift in Sources */ = {isa = PBXBuildFile; fileRef = CEF3227E2582D6DB003F08B9 /* Storyboarded.swift */; };
		CEF322812582D771003F08B9 /* Constants.swift in Sources */ = {isa = PBXBuildFile; fileRef = CEF322802582D771003F08B9 /* Constants.swift */; };
		CEF322832582D84A003F08B9 /* Coordinator.swift in Sources */ = {isa = PBXBuildFile; fileRef = CEF322822582D84A003F08B9 /* Coordinator.swift */; };
		CEF322852582D8AB003F08B9 /* AppCoordinator.swift in Sources */ = {isa = PBXBuildFile; fileRef = CEF322842582D8AB003F08B9 /* AppCoordinator.swift */; };
		CEF3228C2582DD8B003F08B9 /* AppColor.swift in Sources */ = {isa = PBXBuildFile; fileRef = CEF3228B2582DD8B003F08B9 /* AppColor.swift */; };
		CEF3228F2582DDFC003F08B9 /* StoryboardName.swift in Sources */ = {isa = PBXBuildFile; fileRef = CEF3228E2582DDFC003F08B9 /* StoryboardName.swift */; };
		CEF322912582DF97003F08B9 /* FlowCoordinator.swift in Sources */ = {isa = PBXBuildFile; fileRef = CEF322902582DF97003F08B9 /* FlowCoordinator.swift */; };
		CEF322942582E7C1003F08B9 /* EndPoint.swift in Sources */ = {isa = PBXBuildFile; fileRef = CEF322932582E7C1003F08B9 /* EndPoint.swift */; };
		CEF3229625836D5B003F08B9 /* HTTPMethod.swift in Sources */ = {isa = PBXBuildFile; fileRef = CEF3229525836D5B003F08B9 /* HTTPMethod.swift */; };
		CEF3229825836D72003F08B9 /* HTTPNetworkResponse.swift in Sources */ = {isa = PBXBuildFile; fileRef = CEF3229725836D72003F08B9 /* HTTPNetworkResponse.swift */; };
		CEF3229A25836D87003F08B9 /* Result.swift in Sources */ = {isa = PBXBuildFile; fileRef = CEF3229925836D87003F08B9 /* Result.swift */; };
		CEF3229C25836DA1003F08B9 /* NetworkLayer.swift in Sources */ = {isa = PBXBuildFile; fileRef = CEF3229B25836DA1003F08B9 /* NetworkLayer.swift */; };
		CEF3229E25836DC7003F08B9 /* HTTPNetworkError.swift in Sources */ = {isa = PBXBuildFile; fileRef = CEF3229D25836DC7003F08B9 /* HTTPNetworkError.swift */; };
/* End PBXBuildFile section */

/* Begin PBXFileReference section */
		CEF3226425823C9E003F08B9 /* Reddit client.app */ = {isa = PBXFileReference; explicitFileType = wrapper.application; includeInIndex = 0; path = "Reddit client.app"; sourceTree = BUILT_PRODUCTS_DIR; };
		CEF3226725823C9E003F08B9 /* AppDelegate.swift */ = {isa = PBXFileReference; lastKnownFileType = sourcecode.swift; path = AppDelegate.swift; sourceTree = "<group>"; };
		CEF3226B25823C9E003F08B9 /* ViewController.swift */ = {isa = PBXFileReference; lastKnownFileType = sourcecode.swift; path = ViewController.swift; sourceTree = "<group>"; };
		CEF3226E25823C9E003F08B9 /* Base */ = {isa = PBXFileReference; lastKnownFileType = file.storyboard; name = Base; path = Base.lproj/Main.storyboard; sourceTree = "<group>"; };
		CEF3227025823CA0003F08B9 /* Assets.xcassets */ = {isa = PBXFileReference; lastKnownFileType = folder.assetcatalog; path = Assets.xcassets; sourceTree = "<group>"; };
		CEF3227325823CA0003F08B9 /* Base */ = {isa = PBXFileReference; lastKnownFileType = file.storyboard; name = Base; path = Base.lproj/LaunchScreen.storyboard; sourceTree = "<group>"; };
		CEF3227525823CA0003F08B9 /* Info.plist */ = {isa = PBXFileReference; lastKnownFileType = text.plist.xml; path = Info.plist; sourceTree = "<group>"; };
		CEF3227E2582D6DB003F08B9 /* Storyboarded.swift */ = {isa = PBXFileReference; lastKnownFileType = sourcecode.swift; path = Storyboarded.swift; sourceTree = "<group>"; };
		CEF322802582D771003F08B9 /* Constants.swift */ = {isa = PBXFileReference; lastKnownFileType = sourcecode.swift; path = Constants.swift; sourceTree = "<group>"; };
		CEF322822582D84A003F08B9 /* Coordinator.swift */ = {isa = PBXFileReference; lastKnownFileType = sourcecode.swift; path = Coordinator.swift; sourceTree = "<group>"; };
		CEF322842582D8AB003F08B9 /* AppCoordinator.swift */ = {isa = PBXFileReference; lastKnownFileType = sourcecode.swift; path = AppCoordinator.swift; sourceTree = "<group>"; };
		CEF3228B2582DD8B003F08B9 /* AppColor.swift */ = {isa = PBXFileReference; lastKnownFileType = sourcecode.swift; path = AppColor.swift; sourceTree = "<group>"; };
		CEF3228E2582DDFC003F08B9 /* StoryboardName.swift */ = {isa = PBXFileReference; lastKnownFileType = sourcecode.swift; path = StoryboardName.swift; sourceTree = "<group>"; };
		CEF322902582DF97003F08B9 /* FlowCoordinator.swift */ = {isa = PBXFileReference; lastKnownFileType = sourcecode.swift; path = FlowCoordinator.swift; sourceTree = "<group>"; };
		CEF322932582E7C1003F08B9 /* EndPoint.swift */ = {isa = PBXFileReference; lastKnownFileType = sourcecode.swift; path = EndPoint.swift; sourceTree = "<group>"; };
		CEF3229525836D5B003F08B9 /* HTTPMethod.swift */ = {isa = PBXFileReference; lastKnownFileType = sourcecode.swift; path = HTTPMethod.swift; sourceTree = "<group>"; };
		CEF3229725836D72003F08B9 /* HTTPNetworkResponse.swift */ = {isa = PBXFileReference; lastKnownFileType = sourcecode.swift; path = HTTPNetworkResponse.swift; sourceTree = "<group>"; };
		CEF3229925836D87003F08B9 /* Result.swift */ = {isa = PBXFileReference; lastKnownFileType = sourcecode.swift; path = Result.swift; sourceTree = "<group>"; };
		CEF3229B25836DA1003F08B9 /* NetworkLayer.swift */ = {isa = PBXFileReference; lastKnownFileType = sourcecode.swift; path = NetworkLayer.swift; sourceTree = "<group>"; };
		CEF3229D25836DC7003F08B9 /* HTTPNetworkError.swift */ = {isa = PBXFileReference; lastKnownFileType = sourcecode.swift; path = HTTPNetworkError.swift; sourceTree = "<group>"; };
/* End PBXFileReference section */

/* Begin PBXFrameworksBuildPhase section */
		CEF3226125823C9E003F08B9 /* Frameworks */ = {
			isa = PBXFrameworksBuildPhase;
			buildActionMask = 2147483647;
			files = (
			);
			runOnlyForDeploymentPostprocessing = 0;
		};
/* End PBXFrameworksBuildPhase section */

/* Begin PBXGroup section */
		CEF3225B25823C9E003F08B9 = {
			isa = PBXGroup;
			children = (
				CEF3226625823C9E003F08B9 /* Reddit client */,
				CEF3226525823C9E003F08B9 /* Products */,
			);
			sourceTree = "<group>";
		};
		CEF3226525823C9E003F08B9 /* Products */ = {
			isa = PBXGroup;
			children = (
				CEF3226425823C9E003F08B9 /* Reddit client.app */,
			);
			name = Products;
			sourceTree = "<group>";
		};
		CEF3226625823C9E003F08B9 /* Reddit client */ = {
			isa = PBXGroup;
			children = (
				CEF3226725823C9E003F08B9 /* AppDelegate.swift */,
				CEF3227B2582D695003F08B9 /* Coordinator */,
				CEF3226B25823C9E003F08B9 /* ViewController.swift */,
				CEF3227D2582D6BD003F08B9 /* Helpers */,
				CEF3226D25823C9E003F08B9 /* Main.storyboard */,
				CEF3227025823CA0003F08B9 /* Assets.xcassets */,
				CEF3227225823CA0003F08B9 /* LaunchScreen.storyboard */,
				CEF3227525823CA0003F08B9 /* Info.plist */,
			);
			path = "Reddit client";
			sourceTree = "<group>";
		};
		CEF3227B2582D695003F08B9 /* Coordinator */ = {
			isa = PBXGroup;
			children = (
				CEF322822582D84A003F08B9 /* Coordinator.swift */,
				CEF322902582DF97003F08B9 /* FlowCoordinator.swift */,
				CEF322842582D8AB003F08B9 /* AppCoordinator.swift */,
			);
			path = Coordinator;
			sourceTree = "<group>";
		};
		CEF3227C2582D6B5003F08B9 /* Constants */ = {
			isa = PBXGroup;
			children = (
				CEF322802582D771003F08B9 /* Constants.swift */,
				CEF3228B2582DD8B003F08B9 /* AppColor.swift */,
			);
			path = Constants;
			sourceTree = "<group>";
		};
		CEF3227D2582D6BD003F08B9 /* Helpers */ = {
			isa = PBXGroup;
			children = (
				CEF322922582E7AA003F08B9 /* Networking */,
				CEF3228D2582DDE6003F08B9 /* Storyboard */,
				CEF3227C2582D6B5003F08B9 /* Constants */,
			);
			path = Helpers;
			sourceTree = "<group>";
		};
		CEF3228D2582DDE6003F08B9 /* Storyboard */ = {
			isa = PBXGroup;
			children = (
				CEF3228E2582DDFC003F08B9 /* StoryboardName.swift */,
				CEF3227E2582D6DB003F08B9 /* Storyboarded.swift */,
			);
			path = Storyboard;
			sourceTree = "<group>";
		};
		CEF322922582E7AA003F08B9 /* Networking */ = {
			isa = PBXGroup;
			children = (
				CEF322932582E7C1003F08B9 /* EndPoint.swift */,
				CEF3229525836D5B003F08B9 /* HTTPMethod.swift */,
				CEF3229725836D72003F08B9 /* HTTPNetworkResponse.swift */,
				CEF3229D25836DC7003F08B9 /* HTTPNetworkError.swift */,
				CEF3229925836D87003F08B9 /* Result.swift */,
				CEF3229B25836DA1003F08B9 /* NetworkLayer.swift */,
			);
			path = Networking;
			sourceTree = "<group>";
		};
/* End PBXGroup section */

/* Begin PBXNativeTarget section */
		CEF3226325823C9E003F08B9 /* Reddit client */ = {
			isa = PBXNativeTarget;
			buildConfigurationList = CEF3227825823CA0003F08B9 /* Build configuration list for PBXNativeTarget "Reddit client" */;
			buildPhases = (
				CEF3226025823C9E003F08B9 /* Sources */,
				CEF3226125823C9E003F08B9 /* Frameworks */,
				CEF3226225823C9E003F08B9 /* Resources */,
			);
			buildRules = (
			);
			dependencies = (
			);
			name = "Reddit client";
			productName = "Reddit client";
			productReference = CEF3226425823C9E003F08B9 /* Reddit client.app */;
			productType = "com.apple.product-type.application";
		};
/* End PBXNativeTarget section */

/* Begin PBXProject section */
		CEF3225C25823C9E003F08B9 /* Project object */ = {
			isa = PBXProject;
			attributes = {
				LastSwiftUpdateCheck = 1130;
				LastUpgradeCheck = 1130;
				ORGANIZATIONNAME = "Roman Antoniuk";
				TargetAttributes = {
					CEF3226325823C9E003F08B9 = {
						CreatedOnToolsVersion = 11.3.1;
					};
				};
			};
			buildConfigurationList = CEF3225F25823C9E003F08B9 /* Build configuration list for PBXProject "Reddit client" */;
			compatibilityVersion = "Xcode 9.3";
			developmentRegion = en;
			hasScannedForEncodings = 0;
			knownRegions = (
				en,
				Base,
			);
			mainGroup = CEF3225B25823C9E003F08B9;
			productRefGroup = CEF3226525823C9E003F08B9 /* Products */;
			projectDirPath = "";
			projectRoot = "";
			targets = (
				CEF3226325823C9E003F08B9 /* Reddit client */,
			);
		};
/* End PBXProject section */

/* Begin PBXResourcesBuildPhase section */
		CEF3226225823C9E003F08B9 /* Resources */ = {
			isa = PBXResourcesBuildPhase;
			buildActionMask = 2147483647;
			files = (
				CEF3227425823CA0003F08B9 /* LaunchScreen.storyboard in Resources */,
				CEF3227125823CA0003F08B9 /* Assets.xcassets in Resources */,
				CEF3226F25823C9E003F08B9 /* Main.storyboard in Resources */,
			);
			runOnlyForDeploymentPostprocessing = 0;
		};
/* End PBXResourcesBuildPhase section */

/* Begin PBXSourcesBuildPhase section */
		CEF3226025823C9E003F08B9 /* Sources */ = {
			isa = PBXSourcesBuildPhase;
			buildActionMask = 2147483647;
			files = (
				CEF3229C25836DA1003F08B9 /* NetworkLayer.swift in Sources */,
				CEF3228C2582DD8B003F08B9 /* AppColor.swift in Sources */,
				CEF3229A25836D87003F08B9 /* Result.swift in Sources */,
				CEF3229825836D72003F08B9 /* HTTPNetworkResponse.swift in Sources */,
				CEF3228F2582DDFC003F08B9 /* StoryboardName.swift in Sources */,
				CEF322942582E7C1003F08B9 /* EndPoint.swift in Sources */,
				CEF3229625836D5B003F08B9 /* HTTPMethod.swift in Sources */,
				CEF322852582D8AB003F08B9 /* AppCoordinator.swift in Sources */,
				CEF3226C25823C9E003F08B9 /* ViewController.swift in Sources */,
				CEF3226825823C9E003F08B9 /* AppDelegate.swift in Sources */,
				CEF3229E25836DC7003F08B9 /* HTTPNetworkError.swift in Sources */,
				CEF322832582D84A003F08B9 /* Coordinator.swift in Sources */,
				CEF3227F2582D6DB003F08B9 /* Storyboarded.swift in Sources */,
				CEF322812582D771003F08B9 /* Constants.swift in Sources */,
				CEF322912582DF97003F08B9 /* FlowCoordinator.swift in Sources */,
			);
			runOnlyForDeploymentPostprocessing = 0;
		};
/* End PBXSourcesBuildPhase section */

/* Begin PBXVariantGroup section */
		CEF3226D25823C9E003F08B9 /* Main.storyboard */ = {
			isa = PBXVariantGroup;
			children = (
				CEF3226E25823C9E003F08B9 /* Base */,
			);
			name = Main.storyboard;
			sourceTree = "<group>";
		};
		CEF3227225823CA0003F08B9 /* LaunchScreen.storyboard */ = {
			isa = PBXVariantGroup;
			children = (
				CEF3227325823CA0003F08B9 /* Base */,
			);
			name = LaunchScreen.storyboard;
			sourceTree = "<group>";
		};
/* End PBXVariantGroup section */

/* Begin XCBuildConfiguration section */
		CEF3227625823CA0003F08B9 /* Debug */ = {
			isa = XCBuildConfiguration;
			buildSettings = {
				ALWAYS_SEARCH_USER_PATHS = NO;
				CLANG_ANALYZER_NONNULL = YES;
				CLANG_ANALYZER_NUMBER_OBJECT_CONVERSION = YES_AGGRESSIVE;
				CLANG_CXX_LANGUAGE_STANDARD = "gnu++14";
				CLANG_CXX_LIBRARY = "libc++";
				CLANG_ENABLE_MODULES = YES;
				CLANG_ENABLE_OBJC_ARC = YES;
				CLANG_ENABLE_OBJC_WEAK = YES;
				CLANG_WARN_BLOCK_CAPTURE_AUTORELEASING = YES;
				CLANG_WARN_BOOL_CONVERSION = YES;
				CLANG_WARN_COMMA = YES;
				CLANG_WARN_CONSTANT_CONVERSION = YES;
				CLANG_WARN_DEPRECATED_OBJC_IMPLEMENTATIONS = YES;
				CLANG_WARN_DIRECT_OBJC_ISA_USAGE = YES_ERROR;
				CLANG_WARN_DOCUMENTATION_COMMENTS = YES;
				CLANG_WARN_EMPTY_BODY = YES;
				CLANG_WARN_ENUM_CONVERSION = YES;
				CLANG_WARN_INFINITE_RECURSION = YES;
				CLANG_WARN_INT_CONVERSION = YES;
				CLANG_WARN_NON_LITERAL_NULL_CONVERSION = YES;
				CLANG_WARN_OBJC_IMPLICIT_RETAIN_SELF = YES;
				CLANG_WARN_OBJC_LITERAL_CONVERSION = YES;
				CLANG_WARN_OBJC_ROOT_CLASS = YES_ERROR;
				CLANG_WARN_RANGE_LOOP_ANALYSIS = YES;
				CLANG_WARN_STRICT_PROTOTYPES = YES;
				CLANG_WARN_SUSPICIOUS_MOVE = YES;
				CLANG_WARN_UNGUARDED_AVAILABILITY = YES_AGGRESSIVE;
				CLANG_WARN_UNREACHABLE_CODE = YES;
				CLANG_WARN__DUPLICATE_METHOD_MATCH = YES;
				COPY_PHASE_STRIP = NO;
				DEBUG_INFORMATION_FORMAT = dwarf;
				ENABLE_STRICT_OBJC_MSGSEND = YES;
				ENABLE_TESTABILITY = YES;
				GCC_C_LANGUAGE_STANDARD = gnu11;
				GCC_DYNAMIC_NO_PIC = NO;
				GCC_NO_COMMON_BLOCKS = YES;
				GCC_OPTIMIZATION_LEVEL = 0;
				GCC_PREPROCESSOR_DEFINITIONS = (
					"DEBUG=1",
					"$(inherited)",
				);
				GCC_WARN_64_TO_32_BIT_CONVERSION = YES;
				GCC_WARN_ABOUT_RETURN_TYPE = YES_ERROR;
				GCC_WARN_UNDECLARED_SELECTOR = YES;
				GCC_WARN_UNINITIALIZED_AUTOS = YES_AGGRESSIVE;
				GCC_WARN_UNUSED_FUNCTION = YES;
				GCC_WARN_UNUSED_VARIABLE = YES;
				IPHONEOS_DEPLOYMENT_TARGET = 13.2;
				MTL_ENABLE_DEBUG_INFO = INCLUDE_SOURCE;
				MTL_FAST_MATH = YES;
				ONLY_ACTIVE_ARCH = YES;
				SDKROOT = iphoneos;
				SWIFT_ACTIVE_COMPILATION_CONDITIONS = DEBUG;
				SWIFT_OPTIMIZATION_LEVEL = "-Onone";
			};
			name = Debug;
		};
		CEF3227725823CA0003F08B9 /* Release */ = {
			isa = XCBuildConfiguration;
			buildSettings = {
				ALWAYS_SEARCH_USER_PATHS = NO;
				CLANG_ANALYZER_NONNULL = YES;
				CLANG_ANALYZER_NUMBER_OBJECT_CONVERSION = YES_AGGRESSIVE;
				CLANG_CXX_LANGUAGE_STANDARD = "gnu++14";
				CLANG_CXX_LIBRARY = "libc++";
				CLANG_ENABLE_MODULES = YES;
				CLANG_ENABLE_OBJC_ARC = YES;
				CLANG_ENABLE_OBJC_WEAK = YES;
				CLANG_WARN_BLOCK_CAPTURE_AUTORELEASING = YES;
				CLANG_WARN_BOOL_CONVERSION = YES;
				CLANG_WARN_COMMA = YES;
				CLANG_WARN_CONSTANT_CONVERSION = YES;
				CLANG_WARN_DEPRECATED_OBJC_IMPLEMENTATIONS = YES;
				CLANG_WARN_DIRECT_OBJC_ISA_USAGE = YES_ERROR;
				CLANG_WARN_DOCUMENTATION_COMMENTS = YES;
				CLANG_WARN_EMPTY_BODY = YES;
				CLANG_WARN_ENUM_CONVERSION = YES;
				CLANG_WARN_INFINITE_RECURSION = YES;
				CLANG_WARN_INT_CONVERSION = YES;
				CLANG_WARN_NON_LITERAL_NULL_CONVERSION = YES;
				CLANG_WARN_OBJC_IMPLICIT_RETAIN_SELF = YES;
				CLANG_WARN_OBJC_LITERAL_CONVERSION = YES;
				CLANG_WARN_OBJC_ROOT_CLASS = YES_ERROR;
				CLANG_WARN_RANGE_LOOP_ANALYSIS = YES;
				CLANG_WARN_STRICT_PROTOTYPES = YES;
				CLANG_WARN_SUSPICIOUS_MOVE = YES;
				CLANG_WARN_UNGUARDED_AVAILABILITY = YES_AGGRESSIVE;
				CLANG_WARN_UNREACHABLE_CODE = YES;
				CLANG_WARN__DUPLICATE_METHOD_MATCH = YES;
				COPY_PHASE_STRIP = NO;
				DEBUG_INFORMATION_FORMAT = "dwarf-with-dsym";
				ENABLE_NS_ASSERTIONS = NO;
				ENABLE_STRICT_OBJC_MSGSEND = YES;
				GCC_C_LANGUAGE_STANDARD = gnu11;
				GCC_NO_COMMON_BLOCKS = YES;
				GCC_WARN_64_TO_32_BIT_CONVERSION = YES;
				GCC_WARN_ABOUT_RETURN_TYPE = YES_ERROR;
				GCC_WARN_UNDECLARED_SELECTOR = YES;
				GCC_WARN_UNINITIALIZED_AUTOS = YES_AGGRESSIVE;
				GCC_WARN_UNUSED_FUNCTION = YES;
				GCC_WARN_UNUSED_VARIABLE = YES;
				IPHONEOS_DEPLOYMENT_TARGET = 13.2;
				MTL_ENABLE_DEBUG_INFO = NO;
				MTL_FAST_MATH = YES;
				SDKROOT = iphoneos;
				SWIFT_COMPILATION_MODE = wholemodule;
				SWIFT_OPTIMIZATION_LEVEL = "-O";
				VALIDATE_PRODUCT = YES;
			};
			name = Release;
		};
		CEF3227925823CA0003F08B9 /* Debug */ = {
			isa = XCBuildConfiguration;
			buildSettings = {
				ASSETCATALOG_COMPILER_APPICON_NAME = AppIcon;
				CODE_SIGN_STYLE = Automatic;
				DEVELOPMENT_TEAM = X3LC26ANLH;
				INFOPLIST_FILE = "Reddit client/Info.plist";
				LD_RUNPATH_SEARCH_PATHS = (
					"$(inherited)",
					"@executable_path/Frameworks",
				);
				PRODUCT_BUNDLE_IDENTIFIER = "Roman-Antoniuk.Reddit-client";
				PRODUCT_NAME = "$(TARGET_NAME)";
				SWIFT_VERSION = 5.0;
				TARGETED_DEVICE_FAMILY = "1,2";
			};
			name = Debug;
		};
		CEF3227A25823CA0003F08B9 /* Release */ = {
			isa = XCBuildConfiguration;
			buildSettings = {
				ASSETCATALOG_COMPILER_APPICON_NAME = AppIcon;
				CODE_SIGN_STYLE = Automatic;
				DEVELOPMENT_TEAM = X3LC26ANLH;
				INFOPLIST_FILE = "Reddit client/Info.plist";
				LD_RUNPATH_SEARCH_PATHS = (
					"$(inherited)",
					"@executable_path/Frameworks",
				);
				PRODUCT_BUNDLE_IDENTIFIER = "Roman-Antoniuk.Reddit-client";
				PRODUCT_NAME = "$(TARGET_NAME)";
				SWIFT_VERSION = 5.0;
				TARGETED_DEVICE_FAMILY = "1,2";
			};
			name = Release;
		};
/* End XCBuildConfiguration section */

/* Begin XCConfigurationList section */
		CEF3225F25823C9E003F08B9 /* Build configuration list for PBXProject "Reddit client" */ = {
			isa = XCConfigurationList;
			buildConfigurations = (
				CEF3227625823CA0003F08B9 /* Debug */,
				CEF3227725823CA0003F08B9 /* Release */,
			);
			defaultConfigurationIsVisible = 0;
			defaultConfigurationName = Release;
		};
		CEF3227825823CA0003F08B9 /* Build configuration list for PBXNativeTarget "Reddit client" */ = {
			isa = XCConfigurationList;
			buildConfigurations = (
				CEF3227925823CA0003F08B9 /* Debug */,
				CEF3227A25823CA0003F08B9 /* Release */,
			);
			defaultConfigurationIsVisible = 0;
			defaultConfigurationName = Release;
		};
/* End XCConfigurationList section */
	};
	rootObject = CEF3225C25823C9E003F08B9 /* Project object */;
}
